{
  "version": 4,
  "terraform_version": "1.8.4",
  "serial": 3,
  "lineage": "ea11c76b-bfe3-f9e7-df54-3f00cdc08f09",
  "outputs": {
    "custom_domain_url": {
      "value": "https://api.tryskeet.com",
      "type": "string"
    }
  },
  "resources": [
    {
      "mode": "managed",
      "type": "google_artifact_registry_repository",
      "name": "skeet_repo",
      "provider": "provider[\"registry.terraform.io/hashicorp/google\"]",
      "instances": [
        {
          "schema_version": 0,
          "attributes": {
            "cleanup_policies": [],
            "cleanup_policy_dry_run": false,
            "create_time": "2026-02-07T16:23:58.635700Z",
            "description": "Docker repository for Skeet services",
            "docker_config": [],
            "effective_labels": {},
            "format": "DOCKER",
            "id": "projects/gen-lang-client-0763038183/locations/us-central1/repositories/skeet-repo",
            "kms_key_name": "",
            "labels": {},
            "location": "us-central1",
            "maven_config": [],
            "mode": "STANDARD_REPOSITORY",
            "name": "skeet-repo",
            "project": "gen-lang-client-0763038183",
            "remote_repository_config": [],
            "repository_id": "skeet-repo",
            "terraform_labels": {},
            "timeouts": null,
            "update_time": "2026-02-07T16:23:58.635700Z",
            "virtual_repository_config": []
          },
          "sensitive_attributes": [],
          "private": "eyJlMmJmYjczMC1lY2FhLTExZTYtOGY4OC0zNDM2M2JjN2M0YzAiOnsiY3JlYXRlIjoxMjAwMDAwMDAwMDAwLCJkZWxldGUiOjEyMDAwMDAwMDAwMDAsInVwZGF0ZSI6MTIwMDAwMDAwMDAwMH19"
        }
      ]
    },
    {
      "mode": "managed",
      "type": "google_cloud_run_v2_service",
      "name": "skeet_be",
      "provider": "provider[\"registry.terraform.io/hashicorp/google\"]",
      "instances": [
        {
          "status": "tainted",
          "schema_version": 0,
          "attributes": {
            "annotations": null,
            "binary_authorization": [],
            "client": null,
            "client_version": null,
            "conditions": null,
            "create_time": null,
            "creator": null,
            "custom_audiences": null,
            "delete_time": null,
            "description": null,
            "effective_annotations": null,
            "effective_labels": null,
            "etag": null,
            "expire_time": null,
            "generation": null,
            "id": "projects/gen-lang-client-0763038183/locations/us-central1/services/skeet-be-dev",
            "ingress": "INGRESS_TRAFFIC_ALL",
            "labels": null,
            "last_modifier": null,
            "latest_created_revision": null,
            "latest_ready_revision": null,
            "launch_stage": null,
            "location": "us-central1",
            "name": "skeet-be-dev",
            "observed_generation": null,
            "project": "gen-lang-client-0763038183",
            "reconciling": null,
            "template": [
              {
                "annotations": null,
                "containers": [
                  {
                    "args": null,
                    "command": null,
                    "depends_on": null,
                    "env": [
                      {
                        "name": "APP_CLIENT_URL",
                        "value": "http://localhost:5447",
                        "value_source": []
                      },
                      {
                        "name": "BETTER_AUTH_SECRET",
                        "value": "yhCHLxbv6eVCHQUYV7mhJhVwpGpz7JMQ",
                        "value_source": []
                      },
                      {
                        "name": "BETTER_AUTH_URL",
                        "value": "https://api.tryskeet.com",
                        "value_source": []
                      },
                      {
                        "name": "CLIENT_URL",
                        "value": "https://tryskeet.com",
                        "value_source": []
                      },
                      {
                        "name": "CORS_ORIGIN",
                        "value": "https://tryskeet.com",
                        "value_source": []
                      },
                      {
                        "name": "DATABASE_URL",
                        "value": "postgresql://michaelphiri@localhost:5432/skeet",
                        "value_source": []
                      },
                      {
                        "name": "GEMINI_API_KEY",
                        "value": "AIzaSyBaHxS9S4NTwFIhQfCd82H7PPOlo7_ogzw",
                        "value_source": []
                      },
                      {
                        "name": "GOOGLE_GENERATIVE_AI_API_KEY",
                        "value": "AIzaSyBaHxS9S4NTwFIhQfCd82H7PPOlo7_ogzw",
                        "value_source": []
                      },
                      {
                        "name": "GOOGLE_PROJECT_ID",
                        "value": "gen-lang-client-0763038183",
                        "value_source": []
                      },
                      {
                        "name": "NODE_ENV",
                        "value": "development",
                        "value_source": []
                      },
                      {
                        "name": "PRISMA_SCHEMA_PATH",
                        "value": "../../shared/prisma/schema.prisma",
                        "value_source": []
                      },
                      {
                        "name": "PUSHER_APP_ID",
                        "value": "2103651",
                        "value_source": []
                      },
                      {
                        "name": "PUSHER_CLUSTER",
                        "value": "mt1",
                        "value_source": []
                      },
                      {
                        "name": "PUSHER_KEY",
                        "value": "88202ea1d98546c56d36",
                        "value_source": []
                      },
                      {
                        "name": "PUSHER_SECRET",
                        "value": "3f174a7a990363b97322",
                        "value_source": []
                      },
                      {
                        "name": "QSTASH_CURRENT_SIGNING_KEY",
                        "value": "sig_72pCiGiWxP2ZCwuYsGN6rXonRVei",
                        "value_source": []
                      },
                      {
                        "name": "QSTASH_SIGNING_KEY",
                        "value": "sig_7YrKbrW7VAfU2QXws41RhteUsa5o",
                        "value_source": []
                      },
                      {
                        "name": "QSTASH_TOKEN",
                        "value": "eyJVc2VySUQiOiIyNjVlMjI2YS0wMTZkLTQ2NDQtOGQ3YS1lZjQxZDhmMGVhNTEiLCJQYXNzd29yZCI6ImRjMjRkMjhmMmMyYjRhNWI5NTc1ODViOGEyMTIyODI5In0=",
                        "value_source": []
                      },
                      {
                        "name": "QSTASH_URL",
                        "value": "https://qstash.upstash.io",
                        "value_source": []
                      },
                      {
                        "name": "RESEND_API_KEY",
                        "value": "re_NtGrUipc_K4GXdV6scamk1kiiy7vHnB9q",
                        "value_source": []
                      },
                      {
                        "name": "STAGE",
                        "value": "dev",
                        "value_source": []
                      },
                      {
                        "name": "STORAGE_BUCKET",
                        "value": "skeet-media-dev",
                        "value_source": []
                      },
                      {
                        "name": "UPSTASH_REDIS_REST_TOKEN",
                        "value": "AZzAAAIncDFiNTExZThhN2E2YjQ0YjNhODY2ZWRmYzFjMGNjMzQzYXAxNDAxMjg",
                        "value_source": []
                      },
                      {
                        "name": "UPSTASH_REDIS_REST_URL",
                        "value": "https://becoming-viper-40128.upstash.io",
                        "value_source": []
                      },
                      {
                        "name": "UPSTASH_VECTOR_TOKEN",
                        "value": "ABcFMGludGVncmFsLXdyZW4tNjk5NjAtdXMxYWRtaW5aRGxrT1dWak9EY3RNMkppWlMwMFl6QmhMVGd4TVRRdE9XWXlOR0UxWVRVeE9HRmg=",
                        "value_source": []
                      },
                      {
                        "name": "UPSTASH_VECTOR_URL",
                        "value": "https://integral-wren-69960-us1-vector.upstash.io",
                        "value_source": []
                      },
                      {
                        "name": "WORKER_BASE_URL",
                        "value": "https://eef2-45-215-237-63.ngrok-free.app",
                        "value_source": []
                      }
                    ],
                    "image": "us-central1-docker.pkg.dev/gen-lang-client-0763038183/skeet-repo/skeet-be:latest",
                    "liveness_probe": [],
                    "name": "",
                    "ports": [
                      {
                        "container_port": 5445,
                        "name": ""
                      }
                    ],
                    "resources": [],
                    "startup_probe": [],
                    "volume_mounts": [],
                    "working_dir": ""
                  }
                ],
                "encryption_key": "",
                "execution_environment": "",
                "labels": null,
                "max_instance_request_concurrency": 0,
                "revision": "",
                "scaling": [
                  {
                    "max_instance_count": 1,
                    "min_instance_count": 0
                  }
                ],
                "service_account": "",
                "session_affinity": false,
                "timeout": "",
                "volumes": [],
                "vpc_access": []
              }
            ],
            "terminal_condition": null,
            "terraform_labels": null,
            "timeouts": null,
            "traffic": [
              {
                "percent": 100,
                "revision": "",
                "tag": "",
                "type": "TRAFFIC_TARGET_ALLOCATION_TYPE_LATEST"
              }
            ],
            "traffic_statuses": null,
            "uid": null,
            "update_time": null,
            "uri": null
          },
          "sensitive_attributes": [],
          "private": "eyJlMmJmYjczMC1lY2FhLTExZTYtOGY4OC0zNDM2M2JjN2M0YzAiOnsiY3JlYXRlIjoxMjAwMDAwMDAwMDAwLCJkZWxldGUiOjEyMDAwMDAwMDAwMDAsInVwZGF0ZSI6MTIwMDAwMDAwMDAwMH19",
          "dependencies": [
            "google_artifact_registry_repository.skeet_repo"
          ]
        }
      ]
    }
  ],
  "check_results": null
}
