{
  "version": 4,
  "terraform_version": "1.8.4",
  "serial": 1,
  "lineage": "ea11c76b-bfe3-f9e7-df54-3f00cdc08f09",
  "outputs": {
    "custom_domain_url": {
      "value": "https://api.tryskeet.com",
      "type": "string"
    }
  },
  "resources": [
    {
      "mode": "managed",
      "type": "google_artifact_registry_repository",
      "name": "skeet_repo",
      "provider": "provider[\"registry.terraform.io/hashicorp/google\"]",
      "instances": [
        {
          "schema_version": 0,
          "attributes": {
            "cleanup_policies": [],
            "cleanup_policy_dry_run": false,
            "create_time": "2026-02-07T16:23:58.635700Z",
            "description": "Docker repository for Skeet services",
            "docker_config": [],
            "effective_labels": {},
            "format": "DOCKER",
            "id": "projects/gen-lang-client-0763038183/locations/us-central1/repositories/skeet-repo",
            "kms_key_name": "",
            "labels": null,
            "location": "us-central1",
            "maven_config": [],
            "mode": "STANDARD_REPOSITORY",
            "name": "skeet-repo",
            "project": "gen-lang-client-0763038183",
            "remote_repository_config": [],
            "repository_id": "skeet-repo",
            "terraform_labels": {},
            "timeouts": null,
            "update_time": "2026-02-07T16:23:58.635700Z",
            "virtual_repository_config": []
          },
          "sensitive_attributes": [],
          "private": "eyJlMmJmYjczMC1lY2FhLTExZTYtOGY4OC0zNDM2M2JjN2M0YzAiOnsiY3JlYXRlIjoxMjAwMDAwMDAwMDAwLCJkZWxldGUiOjEyMDAwMDAwMDAwMDAsInVwZGF0ZSI6MTIwMDAwMDAwMDAwMH19"
        }
      ]
    }
  ],
  "check_results": null
}
